
Microsoft Visual Studio Solution File, Format Version 12.00
# Visual Studio Version 17
VisualStudioVersion = 17.6.33723.286
MinimumVisualStudioVersion = 10.0.40219.1
Project("{888888A0-9F3D-457C-B088-3A5042F75D52}") = "TGVK-Bot", "TGVK-Bot.pyproj", "{2845B516-09EA-44E2-BC10-4CD715093F78}"
EndProject
Global
	GlobalSection(SolutionConfigurationPlatforms) = preSolution
		Debug|Any CPU = Debug|Any CPU
		Release|Any CPU = Release|Any CPU
	EndGlobalSection
	GlobalSection(ProjectConfigurationPlatforms) = postSolution
		{2845B516-09EA-44E2-BC10-4CD715093F78}.Debug|Any CPU.ActiveCfg = Debug|Any CPU
		{2845B516-09EA-44E2-BC10-4CD715093F78}.Release|Any CPU.ActiveCfg = Release|Any CPU
	EndGlobalSection
	GlobalSection(SolutionProperties) = preSolution
		HideSolutionNode = FALSE
	EndGlobalSection
	GlobalSection(ExtensibilityGlobals) = postSolution
		SolutionGuid = {52ADCB23-C9FB-4392-929B-EA58EFFAE653}
	EndGlobalSection
EndGlobal
